// !$*UTF8*$!
{
	archiveVersion = 1;
	classes = {
	};
	objectVersion = 56;
	objects = {

/* Begin PBXBuildFile section */
		8D149E2F2997C488002A49A9 /* AppDelegate.swift in Sources */ = {isa = PBXBuildFile; fileRef = 8D149E2E2997C488002A49A9 /* AppDelegate.swift */; };
		8D149E382997C488002A49A9 /* Assets.xcassets in Resources */ = {isa = PBXBuildFile; fileRef = 8D149E372997C488002A49A9 /* Assets.xcassets */; };
		8D149E3B2997C488002A49A9 /* LaunchScreen.storyboard in Resources */ = {isa = PBXBuildFile; fileRef = 8D149E392997C488002A49A9 /* LaunchScreen.storyboard */; };
		8D149E482997CAE2002A49A9 /* GamesVC.swift in Sources */ = {isa = PBXBuildFile; fileRef = 8D149E472997CAE2002A49A9 /* GamesVC.swift */; };
		8D149E4A2997CAEB002A49A9 /* FavoritesVC.swift in Sources */ = {isa = PBXBuildFile; fileRef = 8D149E492997CAEB002A49A9 /* FavoritesVC.swift */; };
		8D149E502997CBF8002A49A9 /* Icons.swift in Sources */ = {isa = PBXBuildFile; fileRef = 8D149E4F2997CBF8002A49A9 /* Icons.swift */; };
		8D149E522997CCC0002A49A9 /* Headlines.swift in Sources */ = {isa = PBXBuildFile; fileRef = 8D149E512997CCC0002A49A9 /* Headlines.swift */; };
		8D149E552997D123002A49A9 /* Games.storyboard in Resources */ = {isa = PBXBuildFile; fileRef = 8D149E542997D123002A49A9 /* Games.storyboard */; };
		8D149E572997D246002A49A9 /* Favorites.storyboard in Resources */ = {isa = PBXBuildFile; fileRef = 8D149E562997D246002A49A9 /* Favorites.storyboard */; };
		8D149E5A2997D30A002A49A9 /* DetailVC.swift in Sources */ = {isa = PBXBuildFile; fileRef = 8D149E592997D30A002A49A9 /* DetailVC.swift */; };
		8D149E5C2997D319002A49A9 /* Detail.storyboard in Resources */ = {isa = PBXBuildFile; fileRef = 8D149E5B2997D319002A49A9 /* Detail.storyboard */; };
		8D149E632997DCC8002A49A9 /* GameListVC.swift in Sources */ = {isa = PBXBuildFile; fileRef = 8D149E622997DCC8002A49A9 /* GameListVC.swift */; };
		8D149E652997DD0E002A49A9 /* GameListCell.storyboard in Resources */ = {isa = PBXBuildFile; fileRef = 8D149E642997DD0E002A49A9 /* GameListCell.storyboard */; };
		8D149E672997E043002A49A9 /* GameListCell.swift in Sources */ = {isa = PBXBuildFile; fileRef = 8D149E662997E043002A49A9 /* GameListCell.swift */; };
		8D149E692997E38C002A49A9 /* String+Extensions.swift in Sources */ = {isa = PBXBuildFile; fileRef = 8D149E682997E38C002A49A9 /* String+Extensions.swift */; };
		8D149E6B2997E3D2002A49A9 /* UIImage+Extensions.swift in Sources */ = {isa = PBXBuildFile; fileRef = 8D149E6A2997E3D2002A49A9 /* UIImage+Extensions.swift */; };
		8DABC6DF2997F6C700C93658 /* TabBar+Anim.swift in Sources */ = {isa = PBXBuildFile; fileRef = 8DABC6DE2997F6C700C93658 /* TabBar+Anim.swift */; };
		8DABC6E22998C6A900C93658 /* NetworkHelper.swift in Sources */ = {isa = PBXBuildFile; fileRef = 8DABC6E12998C6A900C93658 /* NetworkHelper.swift */; };
		8DABC6E92998D14E00C93658 /* NetworkConfig.swift in Sources */ = {isa = PBXBuildFile; fileRef = 8DABC6E82998D14E00C93658 /* NetworkConfig.swift */; };
		8DABC6EB2998E7F700C93658 /* GameModel.swift in Sources */ = {isa = PBXBuildFile; fileRef = 8DABC6EA2998E7F700C93658 /* GameModel.swift */; };
		8DABC6ED2998E94300C93658 /* GameListModel.swift in Sources */ = {isa = PBXBuildFile; fileRef = 8DABC6EC2998E94300C93658 /* GameListModel.swift */; };
		8DABC6EF2998E96A00C93658 /* GenreModel.swift in Sources */ = {isa = PBXBuildFile; fileRef = 8DABC6EE2998E96A00C93658 /* GenreModel.swift */; };
/* End PBXBuildFile section */

/* Begin PBXFileReference section */
		8D149E2B2997C488002A49A9 /* Gaming Center.app */ = {isa = PBXFileReference; explicitFileType = wrapper.application; includeInIndex = 0; path = "Gaming Center.app"; sourceTree = BUILT_PRODUCTS_DIR; };
		8D149E2E2997C488002A49A9 /* AppDelegate.swift */ = {isa = PBXFileReference; lastKnownFileType = sourcecode.swift; path = AppDelegate.swift; sourceTree = "<group>"; };
		8D149E372997C488002A49A9 /* Assets.xcassets */ = {isa = PBXFileReference; lastKnownFileType = folder.assetcatalog; path = Assets.xcassets; sourceTree = "<group>"; };
		8D149E3A2997C488002A49A9 /* Base */ = {isa = PBXFileReference; lastKnownFileType = file.storyboard; name = Base; path = Base.lproj/LaunchScreen.storyboard; sourceTree = "<group>"; };
		8D149E3C2997C488002A49A9 /* Info.plist */ = {isa = PBXFileReference; lastKnownFileType = text.plist.xml; path = Info.plist; sourceTree = "<group>"; };
		8D149E472997CAE2002A49A9 /* GamesVC.swift */ = {isa = PBXFileReference; lastKnownFileType = sourcecode.swift; path = GamesVC.swift; sourceTree = "<group>"; };
		8D149E492997CAEB002A49A9 /* FavoritesVC.swift */ = {isa = PBXFileReference; lastKnownFileType = sourcecode.swift; path = FavoritesVC.swift; sourceTree = "<group>"; };
		8D149E4F2997CBF8002A49A9 /* Icons.swift */ = {isa = PBXFileReference; lastKnownFileType = sourcecode.swift; path = Icons.swift; sourceTree = "<group>"; };
		8D149E512997CCC0002A49A9 /* Headlines.swift */ = {isa = PBXFileReference; lastKnownFileType = sourcecode.swift; path = Headlines.swift; sourceTree = "<group>"; };
		8D149E542997D123002A49A9 /* Games.storyboard */ = {isa = PBXFileReference; lastKnownFileType = file.storyboard; path = Games.storyboard; sourceTree = "<group>"; };
		8D149E562997D246002A49A9 /* Favorites.storyboard */ = {isa = PBXFileReference; lastKnownFileType = file.storyboard; path = Favorites.storyboard; sourceTree = "<group>"; };
		8D149E592997D30A002A49A9 /* DetailVC.swift */ = {isa = PBXFileReference; lastKnownFileType = sourcecode.swift; path = DetailVC.swift; sourceTree = "<group>"; };
		8D149E5B2997D319002A49A9 /* Detail.storyboard */ = {isa = PBXFileReference; lastKnownFileType = file.storyboard; path = Detail.storyboard; sourceTree = "<group>"; };
		8D149E622997DCC8002A49A9 /* GameListVC.swift */ = {isa = PBXFileReference; lastKnownFileType = sourcecode.swift; path = GameListVC.swift; sourceTree = "<group>"; };
		8D149E642997DD0E002A49A9 /* GameListCell.storyboard */ = {isa = PBXFileReference; lastKnownFileType = file.storyboard; path = GameListCell.storyboard; sourceTree = "<group>"; };
		8D149E662997E043002A49A9 /* GameListCell.swift */ = {isa = PBXFileReference; lastKnownFileType = sourcecode.swift; path = GameListCell.swift; sourceTree = "<group>"; };
		8D149E682997E38C002A49A9 /* String+Extensions.swift */ = {isa = PBXFileReference; lastKnownFileType = sourcecode.swift; path = "String+Extensions.swift"; sourceTree = "<group>"; };
		8D149E6A2997E3D2002A49A9 /* UIImage+Extensions.swift */ = {isa = PBXFileReference; lastKnownFileType = sourcecode.swift; path = "UIImage+Extensions.swift"; sourceTree = "<group>"; };
		8DABC6DE2997F6C700C93658 /* TabBar+Anim.swift */ = {isa = PBXFileReference; lastKnownFileType = sourcecode.swift; path = "TabBar+Anim.swift"; sourceTree = "<group>"; };
		8DABC6E12998C6A900C93658 /* NetworkHelper.swift */ = {isa = PBXFileReference; lastKnownFileType = sourcecode.swift; path = NetworkHelper.swift; sourceTree = "<group>"; };
		8DABC6E82998D14E00C93658 /* NetworkConfig.swift */ = {isa = PBXFileReference; lastKnownFileType = sourcecode.swift; path = NetworkConfig.swift; sourceTree = "<group>"; };
		8DABC6EA2998E7F700C93658 /* GameModel.swift */ = {isa = PBXFileReference; lastKnownFileType = sourcecode.swift; path = GameModel.swift; sourceTree = "<group>"; };
		8DABC6EC2998E94300C93658 /* GameListModel.swift */ = {isa = PBXFileReference; lastKnownFileType = sourcecode.swift; path = GameListModel.swift; sourceTree = "<group>"; };
		8DABC6EE2998E96A00C93658 /* GenreModel.swift */ = {isa = PBXFileReference; lastKnownFileType = sourcecode.swift; path = GenreModel.swift; sourceTree = "<group>"; };
/* End PBXFileReference section */

/* Begin PBXFrameworksBuildPhase section */
		8D149E282997C488002A49A9 /* Frameworks */ = {
			isa = PBXFrameworksBuildPhase;
			buildActionMask = 2147483647;
			files = (
			);
			runOnlyForDeploymentPostprocessing = 0;
		};
/* End PBXFrameworksBuildPhase section */

/* Begin PBXGroup section */
		8D149E222997C488002A49A9 = {
			isa = PBXGroup;
			children = (
				8D149E2D2997C488002A49A9 /* Gaming Center */,
				8D149E2C2997C488002A49A9 /* Products */,
			);
			sourceTree = "<group>";
		};
		8D149E2C2997C488002A49A9 /* Products */ = {
			isa = PBXGroup;
			children = (
				8D149E2B2997C488002A49A9 /* Gaming Center.app */,
			);
			name = Products;
			sourceTree = "<group>";
		};
		8D149E2D2997C488002A49A9 /* Gaming Center */ = {
			isa = PBXGroup;
			children = (
				8D149E532997D040002A49A9 /* App */,
				8D149E4C2997CBDF002A49A9 /* Util */,
				8DABC6E02998C57C00C93658 /* Models */,
				8DABC6E32998C6E600C93658 /* Network */,
				8D149E442997CABB002A49A9 /* Features */,
			);
			path = "Gaming Center";
			sourceTree = "<group>";
		};
		8D149E442997CABB002A49A9 /* Features */ = {
			isa = PBXGroup;
			children = (
				8D149E612997DCA5002A49A9 /* TableView */,
				8D149E452997CAC1002A49A9 /* Games */,
				8D149E462997CAC6002A49A9 /* Favorites */,
				8D149E582997D2F5002A49A9 /* Detail */,
			);
			path = Features;
			sourceTree = "<group>";
		};
		8D149E452997CAC1002A49A9 /* Games */ = {
			isa = PBXGroup;
			children = (
				8D149E542997D123002A49A9 /* Games.storyboard */,
				8D149E472997CAE2002A49A9 /* GamesVC.swift */,
			);
			path = Games;
			sourceTree = "<group>";
		};
		8D149E462997CAC6002A49A9 /* Favorites */ = {
			isa = PBXGroup;
			children = (
				8D149E562997D246002A49A9 /* Favorites.storyboard */,
				8D149E492997CAEB002A49A9 /* FavoritesVC.swift */,
			);
			path = Favorites;
			sourceTree = "<group>";
		};
		8D149E4C2997CBDF002A49A9 /* Util */ = {
			isa = PBXGroup;
			children = (
				8D149E4F2997CBF8002A49A9 /* Icons.swift */,
				8D149E512997CCC0002A49A9 /* Headlines.swift */,
				8D149E6C2997E3F2002A49A9 /* Extensions */,
			);
			path = Util;
			sourceTree = "<group>";
		};
		8D149E532997D040002A49A9 /* App */ = {
			isa = PBXGroup;
			children = (
				8D149E3C2997C488002A49A9 /* Info.plist */,
				8D149E372997C488002A49A9 /* Assets.xcassets */,
				8D149E2E2997C488002A49A9 /* AppDelegate.swift */,
				8D149E392997C488002A49A9 /* LaunchScreen.storyboard */,
			);
			path = App;
			sourceTree = "<group>";
		};
		8D149E582997D2F5002A49A9 /* Detail */ = {
			isa = PBXGroup;
			children = (
				8D149E5B2997D319002A49A9 /* Detail.storyboard */,
				8D149E592997D30A002A49A9 /* DetailVC.swift */,
			);
			path = Detail;
			sourceTree = "<group>";
		};
		8D149E612997DCA5002A49A9 /* TableView */ = {
			isa = PBXGroup;
			children = (
				8D149E622997DCC8002A49A9 /* GameListVC.swift */,
				8D149E642997DD0E002A49A9 /* GameListCell.storyboard */,
				8D149E662997E043002A49A9 /* GameListCell.swift */,
			);
			path = TableView;
			sourceTree = "<group>";
		};
		8D149E6C2997E3F2002A49A9 /* Extensions */ = {
			isa = PBXGroup;
			children = (
				8DABC6DE2997F6C700C93658 /* TabBar+Anim.swift */,
				8D149E682997E38C002A49A9 /* String+Extensions.swift */,
				8D149E6A2997E3D2002A49A9 /* UIImage+Extensions.swift */,
			);
			path = Extensions;
			sourceTree = "<group>";
		};
		8DABC6E02998C57C00C93658 /* Models */ = {
			isa = PBXGroup;
			children = (
				8DABC6EE2998E96A00C93658 /* GenreModel.swift */,
				8DABC6EA2998E7F700C93658 /* GameModel.swift */,
				8DABC6EC2998E94300C93658 /* GameListModel.swift */,
			);
			path = Models;
			sourceTree = "<group>";
		};
		8DABC6E32998C6E600C93658 /* Network */ = {
			isa = PBXGroup;
			children = (
				8DABC6E12998C6A900C93658 /* NetworkHelper.swift */,
				8DABC6E82998D14E00C93658 /* NetworkConfig.swift */,
			);
			path = Network;
			sourceTree = "<group>";
		};
/* End PBXGroup section */

/* Begin PBXNativeTarget section */
		8D149E2A2997C488002A49A9 /* Gaming Center */ = {
			isa = PBXNativeTarget;
			buildConfigurationList = 8D149E3F2997C488002A49A9 /* Build configuration list for PBXNativeTarget "Gaming Center" */;
			buildPhases = (
				8D149E272997C488002A49A9 /* Sources */,
				8D149E282997C488002A49A9 /* Frameworks */,
				8D149E292997C488002A49A9 /* Resources */,
			);
			buildRules = (
			);
			dependencies = (
			);
			name = "Gaming Center";
			productName = "Gaming Center";
			productReference = 8D149E2B2997C488002A49A9 /* Gaming Center.app */;
			productType = "com.apple.product-type.application";
		};
/* End PBXNativeTarget section */

/* Begin PBXProject section */
		8D149E232997C488002A49A9 /* Project object */ = {
			isa = PBXProject;
			attributes = {
				BuildIndependentTargetsInParallel = 1;
				LastSwiftUpdateCheck = 1420;
				LastUpgradeCheck = 1420;
				TargetAttributes = {
					8D149E2A2997C488002A49A9 = {
						CreatedOnToolsVersion = 14.2;
					};
				};
			};
			buildConfigurationList = 8D149E262997C488002A49A9 /* Build configuration list for PBXProject "Gaming Center" */;
			compatibilityVersion = "Xcode 14.0";
			developmentRegion = en;
			hasScannedForEncodings = 0;
			knownRegions = (
				en,
				Base,
			);
			mainGroup = 8D149E222997C488002A49A9;
			productRefGroup = 8D149E2C2997C488002A49A9 /* Products */;
			projectDirPath = "";
			projectRoot = "";
			targets = (
				8D149E2A2997C488002A49A9 /* Gaming Center */,
			);
		};
/* End PBXProject section */

/* Begin PBXResourcesBuildPhase section */
		8D149E292997C488002A49A9 /* Resources */ = {
			isa = PBXResourcesBuildPhase;
			buildActionMask = 2147483647;
			files = (
				8D149E552997D123002A49A9 /* Games.storyboard in Resources */,
				8D149E3B2997C488002A49A9 /* LaunchScreen.storyboard in Resources */,
				8D149E652997DD0E002A49A9 /* GameListCell.storyboard in Resources */,
				8D149E572997D246002A49A9 /* Favorites.storyboard in Resources */,
				8D149E5C2997D319002A49A9 /* Detail.storyboard in Resources */,
				8D149E382997C488002A49A9 /* Assets.xcassets in Resources */,
			);
			runOnlyForDeploymentPostprocessing = 0;
		};
/* End PBXResourcesBuildPhase section */

/* Begin PBXSourcesBuildPhase section */
		8D149E272997C488002A49A9 /* Sources */ = {
			isa = PBXSourcesBuildPhase;
			buildActionMask = 2147483647;
			files = (
				8D149E4A2997CAEB002A49A9 /* FavoritesVC.swift in Sources */,
				8D149E482997CAE2002A49A9 /* GamesVC.swift in Sources */,
				8DABC6E92998D14E00C93658 /* NetworkConfig.swift in Sources */,
				8D149E502997CBF8002A49A9 /* Icons.swift in Sources */,
				8D149E672997E043002A49A9 /* GameListCell.swift in Sources */,
				8DABC6EB2998E7F700C93658 /* GameModel.swift in Sources */,
				8DABC6E22998C6A900C93658 /* NetworkHelper.swift in Sources */,
				8DABC6ED2998E94300C93658 /* GameListModel.swift in Sources */,
				8D149E692997E38C002A49A9 /* String+Extensions.swift in Sources */,
				8D149E632997DCC8002A49A9 /* GameListVC.swift in Sources */,
				8D149E2F2997C488002A49A9 /* AppDelegate.swift in Sources */,
				8D149E6B2997E3D2002A49A9 /* UIImage+Extensions.swift in Sources */,
				8DABC6DF2997F6C700C93658 /* TabBar+Anim.swift in Sources */,
				8DABC6EF2998E96A00C93658 /* GenreModel.swift in Sources */,
				8D149E522997CCC0002A49A9 /* Headlines.swift in Sources */,
				8D149E5A2997D30A002A49A9 /* DetailVC.swift in Sources */,
			);
			runOnlyForDeploymentPostprocessing = 0;
		};
/* End PBXSourcesBuildPhase section */

/* Begin PBXVariantGroup section */
		8D149E392997C488002A49A9 /* LaunchScreen.storyboard */ = {
			isa = PBXVariantGroup;
			children = (
				8D149E3A2997C488002A49A9 /* Base */,
			);
			name = LaunchScreen.storyboard;
			sourceTree = "<group>";
		};
/* End PBXVariantGroup section */

/* Begin XCBuildConfiguration section */
		8DABC6E42998D0BD00C93658 /* Development */ = {
			isa = XCBuildConfiguration;
			buildSettings = {
				ALWAYS_SEARCH_USER_PATHS = NO;
				CLANG_ANALYZER_NONNULL = YES;
				CLANG_ANALYZER_NUMBER_OBJECT_CONVERSION = YES_AGGRESSIVE;
				CLANG_CXX_LANGUAGE_STANDARD = "gnu++20";
				CLANG_ENABLE_MODULES = YES;
				CLANG_ENABLE_OBJC_ARC = YES;
				CLANG_ENABLE_OBJC_WEAK = YES;
				CLANG_WARN_BLOCK_CAPTURE_AUTORELEASING = YES;
				CLANG_WARN_BOOL_CONVERSION = YES;
				CLANG_WARN_COMMA = YES;
				CLANG_WARN_CONSTANT_CONVERSION = YES;
				CLANG_WARN_DEPRECATED_OBJC_IMPLEMENTATIONS = YES;
				CLANG_WARN_DIRECT_OBJC_ISA_USAGE = YES_ERROR;
				CLANG_WARN_DOCUMENTATION_COMMENTS = YES;
				CLANG_WARN_EMPTY_BODY = YES;
				CLANG_WARN_ENUM_CONVERSION = YES;
				CLANG_WARN_INFINITE_RECURSION = YES;
				CLANG_WARN_INT_CONVERSION = YES;
				CLANG_WARN_NON_LITERAL_NULL_CONVERSION = YES;
				CLANG_WARN_OBJC_IMPLICIT_RETAIN_SELF = YES;
				CLANG_WARN_OBJC_LITERAL_CONVERSION = YES;
				CLANG_WARN_OBJC_ROOT_CLASS = YES_ERROR;
				CLANG_WARN_QUOTED_INCLUDE_IN_FRAMEWORK_HEADER = YES;
				CLANG_WARN_RANGE_LOOP_ANALYSIS = YES;
				CLANG_WARN_STRICT_PROTOTYPES = YES;
				CLANG_WARN_SUSPICIOUS_MOVE = YES;
				CLANG_WARN_UNGUARDED_AVAILABILITY = YES_AGGRESSIVE;
				CLANG_WARN_UNREACHABLE_CODE = YES;
				CLANG_WARN__DUPLICATE_METHOD_MATCH = YES;
				COPY_PHASE_STRIP = NO;
				DEBUG_INFORMATION_FORMAT = "dwarf-with-dsym";
				ENABLE_NS_ASSERTIONS = NO;
				ENABLE_STRICT_OBJC_MSGSEND = YES;
				GCC_C_LANGUAGE_STANDARD = gnu11;
				GCC_NO_COMMON_BLOCKS = YES;
				GCC_WARN_64_TO_32_BIT_CONVERSION = YES;
				GCC_WARN_ABOUT_RETURN_TYPE = YES_ERROR;
				GCC_WARN_UNDECLARED_SELECTOR = YES;
				GCC_WARN_UNINITIALIZED_AUTOS = YES_AGGRESSIVE;
				GCC_WARN_UNUSED_FUNCTION = YES;
				GCC_WARN_UNUSED_VARIABLE = YES;
				IPHONEOS_DEPLOYMENT_TARGET = 11.0;
				MTL_ENABLE_DEBUG_INFO = NO;
				MTL_FAST_MATH = YES;
				SDKROOT = iphoneos;
				SWIFT_COMPILATION_MODE = wholemodule;
				SWIFT_OPTIMIZATION_LEVEL = "-O";
				VALIDATE_PRODUCT = YES;
			};
			name = Development;
		};
		8DABC6E52998D0BD00C93658 /* Development */ = {
			isa = XCBuildConfiguration;
			buildSettings = {
				ASSETCATALOG_COMPILER_APPICON_NAME = AppIcon;
				ASSETCATALOG_COMPILER_GLOBAL_ACCENT_COLOR_NAME = AccentColor;
				CODE_SIGN_STYLE = Automatic;
				CURRENT_PROJECT_VERSION = 1;
				DEVELOPMENT_TEAM = 4AGNF4M662;
				GENERATE_INFOPLIST_FILE = YES;
				INFOPLIST_FILE = "Gaming Center/App/Info.plist";
				INFOPLIST_KEY_CFBundleDisplayName = "Gaming Center";
				INFOPLIST_KEY_LSApplicationCategoryType = "public.app-category.entertainment";
				INFOPLIST_KEY_UIApplicationSupportsIndirectInputEvents = YES;
				INFOPLIST_KEY_UILaunchStoryboardName = LaunchScreen.storyboard;
				INFOPLIST_KEY_UIRequiresFullScreen = YES;
				INFOPLIST_KEY_UISupportedInterfaceOrientations_iPad = "UIInterfaceOrientationPortrait UIInterfaceOrientationPortraitUpsideDown UIInterfaceOrientationLandscapeLeft UIInterfaceOrientationLandscapeRight";
				INFOPLIST_KEY_UISupportedInterfaceOrientations_iPhone = "UIInterfaceOrientationPortrait UIInterfaceOrientationLandscapeLeft UIInterfaceOrientationLandscapeRight";
				IPHONEOS_DEPLOYMENT_TARGET = 11.0;
				LD_RUNPATH_SEARCH_PATHS = (
					"$(inherited)",
					"@executable_path/Frameworks",
				);
				MARKETING_VERSION = 1.0;
				PRODUCT_BUNDLE_IDENTIFIER = "com.burakbilgen.Gaming-Center";
				PRODUCT_NAME = "$(TARGET_NAME)";
				SUPPORTED_PLATFORMS = "iphoneos iphonesimulator";
				SUPPORTS_MACCATALYST = NO;
				SUPPORTS_MAC_DESIGNED_FOR_IPHONE_IPAD = NO;
				SWIFT_ACTIVE_COMPILATION_CONDITIONS = DEV;
				SWIFT_EMIT_LOC_STRINGS = YES;
				SWIFT_VERSION = 5.0;
				TARGETED_DEVICE_FAMILY = "1,2";
			};
			name = Development;
		};
		8DABC6E62998D0C600C93658 /* Product */ = {
			isa = XCBuildConfiguration;
			buildSettings = {
				ALWAYS_SEARCH_USER_PATHS = NO;
				CLANG_ANALYZER_NONNULL = YES;
				CLANG_ANALYZER_NUMBER_OBJECT_CONVERSION = YES_AGGRESSIVE;
				CLANG_CXX_LANGUAGE_STANDARD = "gnu++20";
				CLANG_ENABLE_MODULES = YES;
				CLANG_ENABLE_OBJC_ARC = YES;
				CLANG_ENABLE_OBJC_WEAK = YES;
				CLANG_WARN_BLOCK_CAPTURE_AUTORELEASING = YES;
				CLANG_WARN_BOOL_CONVERSION = YES;
				CLANG_WARN_COMMA = YES;
				CLANG_WARN_CONSTANT_CONVERSION = YES;
				CLANG_WARN_DEPRECATED_OBJC_IMPLEMENTATIONS = YES;
				CLANG_WARN_DIRECT_OBJC_ISA_USAGE = YES_ERROR;
				CLANG_WARN_DOCUMENTATION_COMMENTS = YES;
				CLANG_WARN_EMPTY_BODY = YES;
				CLANG_WARN_ENUM_CONVERSION = YES;
				CLANG_WARN_INFINITE_RECURSION = YES;
				CLANG_WARN_INT_CONVERSION = YES;
				CLANG_WARN_NON_LITERAL_NULL_CONVERSION = YES;
				CLANG_WARN_OBJC_IMPLICIT_RETAIN_SELF = YES;
				CLANG_WARN_OBJC_LITERAL_CONVERSION = YES;
				CLANG_WARN_OBJC_ROOT_CLASS = YES_ERROR;
				CLANG_WARN_QUOTED_INCLUDE_IN_FRAMEWORK_HEADER = YES;
				CLANG_WARN_RANGE_LOOP_ANALYSIS = YES;
				CLANG_WARN_STRICT_PROTOTYPES = YES;
				CLANG_WARN_SUSPICIOUS_MOVE = YES;
				CLANG_WARN_UNGUARDED_AVAILABILITY = YES_AGGRESSIVE;
				CLANG_WARN_UNREACHABLE_CODE = YES;
				CLANG_WARN__DUPLICATE_METHOD_MATCH = YES;
				COPY_PHASE_STRIP = NO;
				DEBUG_INFORMATION_FORMAT = "dwarf-with-dsym";
				ENABLE_NS_ASSERTIONS = NO;
				ENABLE_STRICT_OBJC_MSGSEND = YES;
				GCC_C_LANGUAGE_STANDARD = gnu11;
				GCC_NO_COMMON_BLOCKS = YES;
				GCC_WARN_64_TO_32_BIT_CONVERSION = YES;
				GCC_WARN_ABOUT_RETURN_TYPE = YES_ERROR;
				GCC_WARN_UNDECLARED_SELECTOR = YES;
				GCC_WARN_UNINITIALIZED_AUTOS = YES_AGGRESSIVE;
				GCC_WARN_UNUSED_FUNCTION = YES;
				GCC_WARN_UNUSED_VARIABLE = YES;
				IPHONEOS_DEPLOYMENT_TARGET = 11.0;
				MTL_ENABLE_DEBUG_INFO = NO;
				MTL_FAST_MATH = YES;
				SDKROOT = iphoneos;
				SWIFT_COMPILATION_MODE = wholemodule;
				SWIFT_OPTIMIZATION_LEVEL = "-O";
				VALIDATE_PRODUCT = YES;
			};
			name = Product;
		};
		8DABC6E72998D0C600C93658 /* Product */ = {
			isa = XCBuildConfiguration;
			buildSettings = {
				ASSETCATALOG_COMPILER_APPICON_NAME = AppIcon;
				ASSETCATALOG_COMPILER_GLOBAL_ACCENT_COLOR_NAME = AccentColor;
				CODE_SIGN_STYLE = Automatic;
				CURRENT_PROJECT_VERSION = 1;
				DEVELOPMENT_TEAM = 4AGNF4M662;
				GENERATE_INFOPLIST_FILE = YES;
				INFOPLIST_FILE = "Gaming Center/App/Info.plist";
				INFOPLIST_KEY_CFBundleDisplayName = "Gaming Center";
				INFOPLIST_KEY_LSApplicationCategoryType = "public.app-category.entertainment";
				INFOPLIST_KEY_UIApplicationSupportsIndirectInputEvents = YES;
				INFOPLIST_KEY_UILaunchStoryboardName = LaunchScreen.storyboard;
				INFOPLIST_KEY_UIRequiresFullScreen = YES;
				INFOPLIST_KEY_UISupportedInterfaceOrientations_iPad = "UIInterfaceOrientationPortrait UIInterfaceOrientationPortraitUpsideDown UIInterfaceOrientationLandscapeLeft UIInterfaceOrientationLandscapeRight";
				INFOPLIST_KEY_UISupportedInterfaceOrientations_iPhone = "UIInterfaceOrientationPortrait UIInterfaceOrientationLandscapeLeft UIInterfaceOrientationLandscapeRight";
				IPHONEOS_DEPLOYMENT_TARGET = 11.0;
				LD_RUNPATH_SEARCH_PATHS = (
					"$(inherited)",
					"@executable_path/Frameworks",
				);
				MARKETING_VERSION = 1.0;
				PRODUCT_BUNDLE_IDENTIFIER = "com.burakbilgen.Gaming-Center";
				PRODUCT_NAME = "$(TARGET_NAME)";
				SUPPORTED_PLATFORMS = "iphoneos iphonesimulator";
				SUPPORTS_MACCATALYST = NO;
				SUPPORTS_MAC_DESIGNED_FOR_IPHONE_IPAD = NO;
				SWIFT_ACTIVE_COMPILATION_CONDITIONS = PROD;
				SWIFT_EMIT_LOC_STRINGS = YES;
				SWIFT_VERSION = 5.0;
				TARGETED_DEVICE_FAMILY = "1,2";
			};
			name = Product;
		};
/* End XCBuildConfiguration section */

/* Begin XCConfigurationList section */
		8D149E262997C488002A49A9 /* Build configuration list for PBXProject "Gaming Center" */ = {
			isa = XCConfigurationList;
			buildConfigurations = (
				8DABC6E42998D0BD00C93658 /* Development */,
				8DABC6E62998D0C600C93658 /* Product */,
			);
			defaultConfigurationIsVisible = 0;
			defaultConfigurationName = Development;
		};
		8D149E3F2997C488002A49A9 /* Build configuration list for PBXNativeTarget "Gaming Center" */ = {
			isa = XCConfigurationList;
			buildConfigurations = (
				8DABC6E52998D0BD00C93658 /* Development */,
				8DABC6E72998D0C600C93658 /* Product */,
			);
			defaultConfigurationIsVisible = 0;
			defaultConfigurationName = Development;
		};
/* End XCConfigurationList section */
	};
	rootObject = 8D149E232997C488002A49A9 /* Project object */;
}
